
Microsoft Visual Studio Solution File, Format Version 12.00
# Visual Studio Version 16
VisualStudioVersion = 16.0.31911.196
MinimumVisualStudioVersion = 10.0.40219.1
Project("{FAE04EC0-301F-11D3-BF4B-00C04F79EFBC}") = "FileUpdater", "FileUpdater\FileUpdater.csproj", "{ED892AB1-5A6D-4D60-8650-4E080819C10B}"
EndProject
Global
	GlobalSection(SolutionConfigurationPlatforms) = preSolution
		Debug|Any CPU = Debug|Any CPU
		Release|Any CPU = Release|Any CPU
	EndGlobalSection
	GlobalSection(ProjectConfigurationPlatforms) = postSolution
		{ED892AB1-5A6D-4D60-8650-4E080819C10B}.Debug|Any CPU.ActiveCfg = Debug|Any CPU
		{ED892AB1-5A6D-4D60-8650-4E080819C10B}.Debug|Any CPU.Build.0 = Debug|Any CPU
		{ED892AB1-5A6D-4D60-8650-4E080819C10B}.Release|Any CPU.ActiveCfg = Release|Any CPU
		{ED892AB1-5A6D-4D60-8650-4E080819C10B}.Release|Any CPU.Build.0 = Release|Any CPU
	EndGlobalSection
	GlobalSection(SolutionProperties) = preSolution
		HideSolutionNode = FALSE
	EndGlobalSection
	GlobalSection(ExtensibilityGlobals) = postSolution
		SolutionGuid = {1422F5D4-B6AE-4592-A7DF-D8AB0CC9055A}
	EndGlobalSection
EndGlobal
